{
    "_meta": {
        "hash": {
            "sha256": "92f81a10cef0a1cce72e102935a15d0f7c11d229321cb96926b003aa81b298fc"
        },
        "pipfile-spec": 6,
        "requires": {
            "python_version": ">=3.8.10, <4.0.0"
        },
        "sources": [
            {
                "name": "pypi",
                "url": "https://pypi.org/simple",
                "verify_ssl": true
            }
        ]
    },
    "default": {
        "backoff": {
            "hashes": [
                "sha256:c7187f15339e775aec926dc6e5e42f8a3ad7d3c2b9a6ecae7b535000f70cd838",
                "sha256:d340bb6f36d025c04214b8925112d8456970e5f28dda46e4f1133bf5c622cb0a"
            ],
            "markers": "python_version >= '2.7' and python_version not in '3.0, 3.1, 3.2, 3.3'",
            "version": "==1.8.0"
        },
        "certifi": {
            "hashes": [
                "sha256:3d5da6925056f6f18f119200434a4780a94263f10d1c21d032a6f6b2baa20651",
                "sha256:ca78db4565a652026a4db2bcdf68f2fb589ea80d0be70e03929ed730746b84fe"
            ],
            "index": "pypi",
            "markers": "python_version >= '3.6'",
            "version": "==2025.1.31"
        },
        "charset-normalizer": {
            "hashes": [
                "sha256:0167ddc8ab6508fe81860a57dd472b2ef4060e8d378f0cc555707126830f2537",
                "sha256:01732659ba9b5b873fc117534143e4feefecf3b2078b0a6a2e925271bb6f4cfa",
                "sha256:01ad647cdd609225c5350561d084b42ddf732f4eeefe6e678765636791e78b9a",
                "sha256:04432ad9479fa40ec0f387795ddad4437a2b50417c69fa275e212933519ff294",
                "sha256:0907f11d019260cdc3f94fbdb23ff9125f6b5d1039b76003b5b0ac9d6a6c9d5b",
                "sha256:0924e81d3d5e70f8126529951dac65c1010cdf117bb75eb02dd12339b57749dd",
                "sha256:09b26ae6b1abf0d27570633b2b078a2a20419c99d66fb2823173d73f188ce601",
                "sha256:09b5e6733cbd160dcc09589227187e242a30a49ca5cefa5a7edd3f9d19ed53fd",
                "sha256:0af291f4fe114be0280cdd29d533696a77b5b49cfde5467176ecab32353395c4",
                "sha256:0f55e69f030f7163dffe9fd0752b32f070566451afe180f99dbeeb81f511ad8d",
                "sha256:1a2bc9f351a75ef49d664206d51f8e5ede9da246602dc2d2726837620ea034b2",
                "sha256:22e14b5d70560b8dd51ec22863f370d1e595ac3d024cb8ad7d308b4cd95f8313",
                "sha256:234ac59ea147c59ee4da87a0c0f098e9c8d169f4dc2a159ef720f1a61bbe27cd",
                "sha256:2369eea1ee4a7610a860d88f268eb39b95cb588acd7235e02fd5a5601773d4fa",
                "sha256:237bdbe6159cff53b4f24f397d43c6336c6b0b42affbe857970cefbb620911c8",
                "sha256:28bf57629c75e810b6ae989f03c0828d64d6b26a5e205535585f96093e405ed1",
                "sha256:2967f74ad52c3b98de4c3b32e1a44e32975e008a9cd2a8cc8966d6a5218c5cb2",
                "sha256:2a75d49014d118e4198bcee5ee0a6f25856b29b12dbf7cd012791f8a6cc5c496",
                "sha256:2bdfe3ac2e1bbe5b59a1a63721eb3b95fc9b6817ae4a46debbb4e11f6232428d",
                "sha256:2d074908e1aecee37a7635990b2c6d504cd4766c7bc9fc86d63f9c09af3fa11b",
                "sha256:2fb9bd477fdea8684f78791a6de97a953c51831ee2981f8e4f583ff3b9d9687e",
                "sha256:311f30128d7d333eebd7896965bfcfbd0065f1716ec92bd5638d7748eb6f936a",
                "sha256:329ce159e82018d646c7ac45b01a430369d526569ec08516081727a20e9e4af4",
                "sha256:345b0426edd4e18138d6528aed636de7a9ed169b4aaf9d61a8c19e39d26838ca",
                "sha256:363e2f92b0f0174b2f8238240a1a30142e3db7b957a5dd5689b0e75fb717cc78",
                "sha256:3a3bd0dcd373514dcec91c411ddb9632c0d7d92aed7093b8c3bbb6d69ca74408",
                "sha256:3bed14e9c89dcb10e8f3a29f9ccac4955aebe93c71ae803af79265c9ca5644c5",
                "sha256:44251f18cd68a75b56585dd00dae26183e102cd5e0f9f1466e6df5da2ed64ea3",
                "sha256:44ecbf16649486d4aebafeaa7ec4c9fed8b88101f4dd612dcaf65d5e815f837f",
                "sha256:4532bff1b8421fd0a320463030c7520f56a79c9024a4e88f01c537316019005a",
                "sha256:49402233c892a461407c512a19435d1ce275543138294f7ef013f0b63d5d3765",
                "sha256:4c0907b1928a36d5a998d72d64d8eaa7244989f7aaaf947500d3a800c83a3fd6",
                "sha256:4d86f7aff21ee58f26dcf5ae81a9addbd914115cdebcbb2217e4f0ed8982e146",
                "sha256:5777ee0881f9499ed0f71cc82cf873d9a0ca8af166dfa0af8ec4e675b7df48e6",
                "sha256:5df196eb874dae23dcfb968c83d4f8fdccb333330fe1fc278ac5ceeb101003a9",
                "sha256:619a609aa74ae43d90ed2e89bdd784765de0a25ca761b93e196d938b8fd1dbbd",
                "sha256:6e27f48bcd0957c6d4cb9d6fa6b61d192d0b13d5ef563e5f2ae35feafc0d179c",
                "sha256:6ff8a4a60c227ad87030d76e99cd1698345d4491638dfa6673027c48b3cd395f",
                "sha256:73d94b58ec7fecbc7366247d3b0b10a21681004153238750bb67bd9012414545",
                "sha256:7461baadb4dc00fd9e0acbe254e3d7d2112e7f92ced2adc96e54ef6501c5f176",
                "sha256:75832c08354f595c760a804588b9357d34ec00ba1c940c15e31e96d902093770",
                "sha256:7709f51f5f7c853f0fb938bcd3bc59cdfdc5203635ffd18bf354f6967ea0f824",
                "sha256:78baa6d91634dfb69ec52a463534bc0df05dbd546209b79a3880a34487f4b84f",
                "sha256:7974a0b5ecd505609e3b19742b60cee7aa2aa2fb3151bc917e6e2646d7667dcf",
                "sha256:7a4f97a081603d2050bfaffdefa5b02a9ec823f8348a572e39032caa8404a487",
                "sha256:7b1bef6280950ee6c177b326508f86cad7ad4dff12454483b51d8b7d673a2c5d",
                "sha256:7d053096f67cd1241601111b698f5cad775f97ab25d81567d3f59219b5f1adbd",
                "sha256:804a4d582ba6e5b747c625bf1255e6b1507465494a40a2130978bda7b932c90b",
                "sha256:807f52c1f798eef6cf26beb819eeb8819b1622ddfeef9d0977a8502d4db6d534",
                "sha256:80ed5e856eb7f30115aaf94e4a08114ccc8813e6ed1b5efa74f9f82e8509858f",
                "sha256:8417cb1f36cc0bc7eaba8ccb0e04d55f0ee52df06df3ad55259b9a323555fc8b",
                "sha256:8436c508b408b82d87dc5f62496973a1805cd46727c34440b0d29d8a2f50a6c9",
                "sha256:89149166622f4db9b4b6a449256291dc87a99ee53151c74cbd82a53c8c2f6ccd",
                "sha256:8bfa33f4f2672964266e940dd22a195989ba31669bd84629f05fab3ef4e2d125",
                "sha256:8c60ca7339acd497a55b0ea5d506b2a2612afb2826560416f6894e8b5770d4a9",
                "sha256:91b36a978b5ae0ee86c394f5a54d6ef44db1de0815eb43de826d41d21e4af3de",
                "sha256:955f8851919303c92343d2f66165294848d57e9bba6cf6e3625485a70a038d11",
                "sha256:97f68b8d6831127e4787ad15e6757232e14e12060bec17091b85eb1486b91d8d",
                "sha256:9b23ca7ef998bc739bf6ffc077c2116917eabcc901f88da1b9856b210ef63f35",
                "sha256:9f0b8b1c6d84c8034a44893aba5e767bf9c7a211e313a9605d9c617d7083829f",
                "sha256:aabfa34badd18f1da5ec1bc2715cadc8dca465868a4e73a0173466b688f29dda",
                "sha256:ab36c8eb7e454e34e60eb55ca5d241a5d18b2c6244f6827a30e451c42410b5f7",
                "sha256:b010a7a4fd316c3c484d482922d13044979e78d1861f0e0650423144c616a46a",
                "sha256:b1ac5992a838106edb89654e0aebfc24f5848ae2547d22c2c3f66454daa11971",
                "sha256:b7b2d86dd06bfc2ade3312a83a5c364c7ec2e3498f8734282c6c3d4b07b346b8",
                "sha256:b97e690a2118911e39b4042088092771b4ae3fc3aa86518f84b8cf6888dbdb41",
                "sha256:bc2722592d8998c870fa4e290c2eec2c1569b87fe58618e67d38b4665dfa680d",
                "sha256:c0429126cf75e16c4f0ad00ee0eae4242dc652290f940152ca8c75c3a4b6ee8f",
                "sha256:c30197aa96e8eed02200a83fba2657b4c3acd0f0aa4bdc9f6c1af8e8962e0757",
                "sha256:c4c3e6da02df6fa1410a7680bd3f63d4f710232d3139089536310d027950696a",
                "sha256:c75cb2a3e389853835e84a2d8fb2b81a10645b503eca9bcb98df6b5a43eb8886",
                "sha256:c96836c97b1238e9c9e3fe90844c947d5afbf4f4c92762679acfe19927d81d77",
                "sha256:d7f50a1f8c450f3925cb367d011448c39239bb3eb4117c36a6d354794de4ce76",
                "sha256:d973f03c0cb71c5ed99037b870f2be986c3c05e63622c017ea9816881d2dd247",
                "sha256:d98b1668f06378c6dbefec3b92299716b931cd4e6061f3c875a71ced1780ab85",
                "sha256:d9c3cdf5390dcd29aa8056d13e8e99526cda0305acc038b96b30352aff5ff2bb",
                "sha256:dad3e487649f498dd991eeb901125411559b22e8d7ab25d3aeb1af367df5efd7",
                "sha256:dccbe65bd2f7f7ec22c4ff99ed56faa1e9f785482b9bbd7c717e26fd723a1d1e",
                "sha256:dd78cfcda14a1ef52584dbb008f7ac81c1328c0f58184bf9a84c49c605002da6",
                "sha256:e218488cd232553829be0664c2292d3af2eeeb94b32bea483cf79ac6a694e037",
                "sha256:e358e64305fe12299a08e08978f51fc21fac060dcfcddd95453eabe5b93ed0e1",
                "sha256:ea0d8d539afa5eb2728aa1932a988a9a7af94f18582ffae4bc10b3fbdad0626e",
                "sha256:eab677309cdb30d047996b36d34caeda1dc91149e4fdca0b1a039b3f79d9a807",
                "sha256:eb8178fe3dba6450a3e024e95ac49ed3400e506fd4e9e5c32d30adda88cbd407",
                "sha256:ecddf25bee22fe4fe3737a399d0d177d72bc22be6913acfab364b40bce1ba83c",
                "sha256:eea6ee1db730b3483adf394ea72f808b6e18cf3cb6454b4d86e04fa8c4327a12",
                "sha256:f08ff5e948271dc7e18a35641d2f11a4cd8dfd5634f55228b691e62b37125eb3",
                "sha256:f30bf9fd9be89ecb2360c7d94a711f00c09b976258846efe40db3d05828e8089",
                "sha256:fa88b843d6e211393a37219e6a1c1df99d35e8fd90446f1118f4216e307e48cd",
                "sha256:fc54db6c8593ef7d4b2a331b58653356cf04f67c960f584edb7c3d8c97e8f39e",
                "sha256:fd4ec41f914fa74ad1b8304bbc634b3de73d2a0889bd32076342a573e0779e00",
                "sha256:ffc9202a29ab3920fa812879e95a9e78b2465fd10be7fcbd042899695d75e616"
            ],
            "markers": "python_version >= '3.7'",
            "version": "==3.4.1"
        },
        "ciso8601": {
            "hashes": [
                "sha256:0283884c33dbe0555f9a24749ac947f93eac7b131fdfeeee110ad999947d1680",
                "sha256:0fbbe659093d4aef1e66de0ee9a10487439527be4b2f6a6710960f98a41e2cc5",
                "sha256:13a3ca99eadbee4a9bb7dfb2bcf266a21828033853cd99803a9893d3473ac0e9",
                "sha256:1bb2d4d20d7ed65fcc7137652d7d980c6eb2aa19c935579309170137d33064ce",
                "sha256:2d31a04bea97f21b797fd414b465c00283b70d9523e8e51bc303bec04195a278",
                "sha256:2e740d2dcac81b5adb0cff641706d5a9e54ff4f3bb7e24437cdacdab3937c0a3",
                "sha256:2e9a072465ecdbaa3bd2b17e26cc7a0376f9729021c8000656dd97a9343f8723",
                "sha256:2f20654de6b0374eade96d8dcb0642196632067b6dd2e24068c563ac6b8551c6",
                "sha256:3039f11ced0bc971341ab63be222860eb2cc942d51a7aa101b1809b633ad2288",
                "sha256:347db58040ad1cb3d2175f5699f0fb1abcb9e894ad744e3460b01bd101bb78a1",
                "sha256:361a49da3e53811ddc371ff2183d32ee673321899e4653c4d55ed06d0a81ef3d",
                "sha256:3fe497819e50a245253a3b2d62ec4c68f8cf337d79dc18e2f3b0a74d24dc5e93",
                "sha256:5308a14ac72898f91332ccfded2f18a6c558ccd184ccff84c4fb36c7e4c2a0e6",
                "sha256:5e9290e7e1b1c3a6df3967e3f1b22c334c980e841f5a1967ab6ef92b30a540d8",
                "sha256:6591d8f191b0a12fa5ac53e1bc0e799f6f2068d0fa5684815706c59a4831f412",
                "sha256:69136ef63e7d5178727f358a9cfe4dfda52f132eafcddfa7e6d5933ee1d73b7a",
                "sha256:6994b393b1e1147dbc2f13d6d508f6e95b96d7f770299a4af70b7c1d380242c1",
                "sha256:69e137cf862c724a9477b62d89fb8190f141ed6d036f6c4cf824be6d9a7b819e",
                "sha256:75870a1e496a17e9e8d2ac90125600e1bafe51679d2836b2f6cb66908fef7ad6",
                "sha256:7a8f96f91bdeabee7ebca2c6e48185bea45e195f406ff748c87a3c9ecefb25cc",
                "sha256:7eb6c8756806f4b8320fe57e3b048dafc54e99af7586160ff9318f35fc521268",
                "sha256:8ccb16db7ca83cc39df3c73285e9ab4920a90f0dbef566f60f0c6cca44becaba",
                "sha256:8e3205e4cfd63100f454ea67100c7c6123af32da0022bdc6e81058e95476a8ad",
                "sha256:91dab638ffaff1da12e0a6de4cfca520430426a1c0eaba5841b1311f45516d49",
                "sha256:a323aa0143ad8e99d7a0b0ac3005419c505e073e6f850f0443b5994b31a52d14",
                "sha256:af26301e0e0cfc6cda225fd2a8b1888bf3828a7d24756774325bda7d29ab2468",
                "sha256:af399c2671dfe8fead4f34908a6e6ef3689db9606f2028269b578afd2326b96e",
                "sha256:b069800ea5613eea7d323716133a74bd0fba4a781286167a20639b6628a7e068",
                "sha256:b0dcb8dc5998bc50346cec9d3b8b5deda8ddabeda70a923c110efb5100cd9754",
                "sha256:c117c415c43aa3db68ee16a2446cb85c5e88459650421d773f6f6444ce5e5819",
                "sha256:c585a05d745c36f974030d1831ed899f8b00afd760f6eff6b8de7eef72cb1336",
                "sha256:ce014a3559592320a2a7a7205257e57dd1277580038a30f153627c5d30ed7a07",
                "sha256:ce5f76297b6138dc5c085d4c5a0a631afded99f250233fe583dc365f67fe8a8d",
                "sha256:d61daee5e8daee87eba34151b9952ec8c3327ad9e54686b6247dcb9b2b135312",
                "sha256:d64634b02cfb194e54569d8de3ace89cec745644cab38157aea0b03d32031eda",
                "sha256:d7860ad2b52007becfd604cfe596f0b7ffa8ffe4f7336b58ef1a2234dc53fa10",
                "sha256:d99297a5925ef3c9ac316cab082c1b1623d976acdb5056fbb8cb12a854116351",
                "sha256:dac06a1bd3c12ab699c29024c5f052e7016cb904e085a5e2b26e6b92fd2dd1dc",
                "sha256:e825cb5ecd232775a94ef3c456ab19752ee8e66eaeb20562ea45472eaa8614ec",
                "sha256:e883a08b294694313bd3a85c1a136f4326ca26050552742c489159c52e296060",
                "sha256:ec1616969aa46c51310b196022e5d3926f8d3fa52b80ec17f6b4133623bd5434",
                "sha256:ecc2f7090e7b8427288b9528fa9571682426f2c7d45d39cf940321192d8796c8",
                "sha256:f0e856903cb6019ab26849af7270ef183b2314f87fd17686a8c98315eff794df",
                "sha256:fa8978a69a6061380b352442160d468915d102c18b0b805a950311e6e0f3b821",
                "sha256:fbbe0af7ef440d679ce546f926fc441e31025c6a96c1bb54087df0e5e6c8e021",
                "sha256:fc2a6bb31030b875c7706554b99e1d724250e0fc8160aa2f3ae32520b8dccbc5",
                "sha256:ff397592a0eadd5e0aec395a285751707c655439abb874ad93e34d04d925ec8d"
            ],
            "version": "==2.3.2"
        },
        "idna": {
            "hashes": [
                "sha256:12f65c9b470abda6dc35cf8e63cc574b1c52b11df2c86030af0ac09b01b13ea9",
                "sha256:946d195a0d259cbba61165e88e65941f16e9b36ea6ddb97f00452bae8b1287d3"
            ],
            "index": "pypi",
            "markers": "python_version >= '3.6'",
            "version": "==3.10"
        },
        "jsonschema": {
            "hashes": [
                "sha256:000e68abd33c972a5248544925a0cae7d1125f9bf6c58280d37546b946769a08",
                "sha256:6ff5f3180870836cae40f06fa10419f557208175f13ad7bc26caa77beb1f6e02"
            ],
            "version": "==2.6.0"
        },
        "python-dateutil": {
            "hashes": [
                "sha256:37dd54208da7e1cd875388217d5e00ebd4179249f90fb72437e91a35459a0ad3",
                "sha256:a8b2bc7bffae282281c8140a97d3aa9c14da0b136dfe83f850eea9a5f7470427"
            ],
            "markers": "python_version >= '2.7' and python_version not in '3.0, 3.1, 3.2'",
            "version": "==2.9.0.post0"
        },
        "pytz": {
            "hashes": [
                "sha256:65ae0c8101309c45772196b21b74c46b2e5d11b6275c45d251b150d5da334555",
                "sha256:c06425302f2cf668f1bba7a0a03f3c1d34d4ebeef2c72003da308b3947c7f749"
            ],
            "version": "==2018.4"
        },
        "requests": {
            "hashes": [
                "sha256:55365417734eb18255590a9ff9eb97e9e1da868d4ccd6402399eaf68af20a760",
                "sha256:70761cfe03c773ceb22aa2f671b4757976145175cdfca038c02654d061d6dcc6"
            ],
            "index": "pypi",
            "markers": "python_version >= '3.8'",
            "version": "==2.32.3"
        },
        "simplejson": {
            "hashes": [
                "sha256:01a22d49ddd9a168b136f26cac87d9a335660ce07aa5c630b8e3607d6f4325e7",
                "sha256:11d91b88cc1e9645c79f0f6fd2961684249af963e2bbff5a00061ed4bbf55379",
                "sha256:1975e6b621fe1c2b9321c56476e8ebe1b851006517c1d67041b378950374694c",
                "sha256:2dc7fb8c0c0ff9483ce31b93b700b1fa60aca9d099e6aca9813f28ff131ccf59",
                "sha256:36b0de42e3a8a51086c339cc803f6ac7a9d1d5254066d680956a195ca12cf0d8",
                "sha256:38c2b563cd03363e7cb2bbba6c20ae4eaafd853a83954c8c8dd345ee391787bf",
                "sha256:6be48181337ac5f5d9f48c9c504f317e245519318992122a05c40e482a721d59",
                "sha256:7df76ae6cac4a62ad5295f9a9131857077d84cb15fad2011acb2ce7410476009",
                "sha256:7f53ab6a675594f237ce7372c1edf742a6acb158149ed3259c5fffc5b613dc94",
                "sha256:86aa9fd492230c4b8b6814fcf089b36ffba2cec4d0635c8c642135b9067ebbd7",
                "sha256:8ae8cdcbe49e29ddfdae0ab81c1f6c070706d18fcee86371352d0d54b47ad8ec",
                "sha256:8d73b96a6ee7c81fd49dac7225e3846fd60b54a0b5b93a0aaea04c5a5d2e7bf2",
                "sha256:97cc43ef4cb18a2725f6e26d22b96f8ca50872a195bde32707dcb284f89c1d4d",
                "sha256:a6939199c30b78ae31e62e6913f0e12cb71a4a5ad67c259e0a98688df027a5de",
                "sha256:c76d55d78dc8b06c96fd08c6cc5e2b0b650799627d3f9ca4ad23f40db72d5f6d",
                "sha256:ebbd52b59948350ad66205e66b299fcca0e0821ed275c21262c522f4a6cea9d2",
                "sha256:f60f01b16215568a08611eb6a4d61d76c4173c3d69aac9cad593777056c284d5"
            ],
            "version": "==3.11.1"
        },
        "singer-python": {
            "hashes": [
                "sha256:d8086dd0c51e8984bf0993ee0e823f83c0a9a164da68d851a4b8a9735ec28a05"
            ],
            "index": "pypi",
            "version": "==5.10.0"
        },
        "six": {
            "hashes": [
                "sha256:4721f391ed90541fddacab5acf947aa0d3dc7d27b2e1e8eda2be8970586c3274",
                "sha256:ff70335d468e7eb6ec65b95b99d3a2836546063f63acc5171de367e834932a81"
            ],
            "markers": "python_version >= '2.7' and python_version not in '3.0, 3.1, 3.2'",
            "version": "==1.17.0"
        },
        "urllib3": {
            "hashes": [
                "sha256:0ed14ccfbf1c30a9072c7ca157e4319b70d65f623e91e7b32fadb2853431016e",
                "sha256:40c2dc0c681e47eb8f90e7e27bf6ff7df2e677421fd46756da1161c39ca70d32"
            ],
            "index": "pypi",
            "markers": "python_version >= '2.7' and python_version not in '3.0, 3.1, 3.2, 3.3, 3.4, 3.5'",
            "version": "==1.26.20"
        },
        "xmltodict": {
            "hashes": [
                "sha256:8f8d7d40aa28d83f4109a7e8aa86e67a4df202d9538be40c0cb1d70da527b0df",
                "sha256:add07d92089ff611badec526912747cf87afd4f9447af6661aca074eeaf32615"
            ],
            "index": "pypi",
            "version": "==0.11.0"
        }
    },
    "develop": {
        "autopep8": {
            "hashes": [
                "sha256:6f09e90a2be784317e84dc1add17ebfc7abe3924239957a37e5040e27d812087",
                "sha256:ca9b1a83e53a7fad65d731dc7a2a2d50aa48f43850407c59f6a1a306c4201142"
            ],
            "index": "pypi",
            "version": "==1.7.0"
        },
        "pycodestyle": {
            "hashes": [
                "sha256:46f0fb92069a7c28ab7bb558f05bfc0110dac69a0cd23c61ea0040283a9d78b3",
                "sha256:6838eae08bbce4f6accd5d5572075c63626a15ee3e6f842df996bf62f6d73521"
            ],
            "markers": "python_version >= '3.8'",
            "version": "==2.12.1"
        },
        "toml": {
            "hashes": [
                "sha256:806143ae5bfb6a3c6e736a764057db0e6a0e05e338b5630894a5f779cabb4f9b",
                "sha256:b3bda1d108d5dd99f4a20d24d9c348e91c4db7ab1b749200bded2f839ccbe68f"
            ],
            "markers": "python_version >= '2.6' and python_version not in '3.0, 3.1, 3.2'",
            "version": "==0.10.2"
        }
    }
}
